
Microsoft Visual Studio Solution File, Format Version 12.00
# Visual Studio 15
VisualStudioVersion = 15.0.27130.2026
MinimumVisualStudioVersion = 10.0.40219.1
Project("{FAE04EC0-301F-11D3-BF4B-00C04F79EFBC}") = "Evolent_Deepali", "Evolent_Deepali\Evolent_Deepali.csproj", "{DDC08B22-8F29-4F57-BB32-B210F1871522}"
EndProject
Global
	GlobalSection(SolutionConfigurationPlatforms) = preSolution
		Debug|Any CPU = Debug|Any CPU
		Release|Any CPU = Release|Any CPU
	EndGlobalSection
	GlobalSection(ProjectConfigurationPlatforms) = postSolution
		{DDC08B22-8F29-4F57-BB32-B210F1871522}.Debug|Any CPU.ActiveCfg = Debug|Any CPU
		{DDC08B22-8F29-4F57-BB32-B210F1871522}.Debug|Any CPU.Build.0 = Debug|Any CPU
		{DDC08B22-8F29-4F57-BB32-B210F1871522}.Release|Any CPU.ActiveCfg = Release|Any CPU
		{DDC08B22-8F29-4F57-BB32-B210F1871522}.Release|Any CPU.Build.0 = Release|Any CPU
	EndGlobalSection
	GlobalSection(SolutionProperties) = preSolution
		HideSolutionNode = FALSE
	EndGlobalSection
	GlobalSection(ExtensibilityGlobals) = postSolution
		SolutionGuid = {62D4FF9D-C9A5-4B62-8F46-3DADAEF61E4D}
	EndGlobalSection
EndGlobal
